// !$*UTF8*$!
{
	archiveVersion = 1;
	classes = {
	};
	objectVersion = 56;
	objects = {

/* Begin PBXBuildFile section */
		DF0AD9E62A3C3D620068F427 /* SetNewElementViewModel.swift in Sources */ = {isa = PBXBuildFile; fileRef = DF0AD9E52A3C3D620068F427 /* SetNewElementViewModel.swift */; };
		DF0AD9E82A3C42D50068F427 /* Observer.swift in Sources */ = {isa = PBXBuildFile; fileRef = DF0AD9E72A3C42D50068F427 /* Observer.swift */; };
		DF1A2E032A3A178C009D82C0 /* DetailedElementView.swift in Sources */ = {isa = PBXBuildFile; fileRef = DF1A2E022A3A178C009D82C0 /* DetailedElementView.swift */; };
		DF262D142A3F81EC00206023 /* FindVC.swift in Sources */ = {isa = PBXBuildFile; fileRef = DF262D132A3F81EC00206023 /* FindVC.swift */; };
		DF2B7EA72A3759C6004D73D7 /* SetNewElementViewController.swift in Sources */ = {isa = PBXBuildFile; fileRef = DF2B7EA62A3759C6004D73D7 /* SetNewElementViewController.swift */; };
		DF2B7EA92A375A99004D73D7 /* DetailedElementViewController.swift in Sources */ = {isa = PBXBuildFile; fileRef = DF2B7EA82A375A99004D73D7 /* DetailedElementViewController.swift */; };
		DF2B7EAB2A375C7F004D73D7 /* DetailedElementViewModel.swift in Sources */ = {isa = PBXBuildFile; fileRef = DF2B7EAA2A375C7F004D73D7 /* DetailedElementViewModel.swift */; };
		DF4037642A3BC37A00208B82 /* SetNewElementView.swift in Sources */ = {isa = PBXBuildFile; fileRef = DF4037632A3BC37A00208B82 /* SetNewElementView.swift */; };
		DF4037672A3BC94E00208B82 /* UIStackViewExtension.swift in Sources */ = {isa = PBXBuildFile; fileRef = DF4037662A3BC94E00208B82 /* UIStackViewExtension.swift */; };
		DF6A65F42A333F7700B1E7B0 /* AppDelegate.swift in Sources */ = {isa = PBXBuildFile; fileRef = DF6A65F32A333F7700B1E7B0 /* AppDelegate.swift */; };
		DF6A65F62A333F7700B1E7B0 /* SceneDelegate.swift in Sources */ = {isa = PBXBuildFile; fileRef = DF6A65F52A333F7700B1E7B0 /* SceneDelegate.swift */; };
		DF6A65F82A333F7700B1E7B0 /* MainViewController.swift in Sources */ = {isa = PBXBuildFile; fileRef = DF6A65F72A333F7700B1E7B0 /* MainViewController.swift */; };
		DF6A65FD2A333F7800B1E7B0 /* Assets.xcassets in Resources */ = {isa = PBXBuildFile; fileRef = DF6A65FC2A333F7800B1E7B0 /* Assets.xcassets */; };
		DF6A66002A333F7800B1E7B0 /* LaunchScreen.storyboard in Resources */ = {isa = PBXBuildFile; fileRef = DF6A65FE2A333F7800B1E7B0 /* LaunchScreen.storyboard */; };
		DF6A660B2A333F7800B1E7B0 /* ToDoMvvmTests.swift in Sources */ = {isa = PBXBuildFile; fileRef = DF6A660A2A333F7800B1E7B0 /* ToDoMvvmTests.swift */; };
		DF6A66152A333F7800B1E7B0 /* ToDoMvvmUITests.swift in Sources */ = {isa = PBXBuildFile; fileRef = DF6A66142A333F7800B1E7B0 /* ToDoMvvmUITests.swift */; };
		DF6A66172A333F7800B1E7B0 /* ToDoMvvmUITestsLaunchTests.swift in Sources */ = {isa = PBXBuildFile; fileRef = DF6A66162A333F7800B1E7B0 /* ToDoMvvmUITestsLaunchTests.swift */; };
		DF6A662A2A33416000B1E7B0 /* DataBaseService.swift in Sources */ = {isa = PBXBuildFile; fileRef = DF6A66292A33416000B1E7B0 /* DataBaseService.swift */; };
		DF6A662D2A33420700B1E7B0 /* ToDoElementModel.swift in Sources */ = {isa = PBXBuildFile; fileRef = DF6A662C2A33420700B1E7B0 /* ToDoElementModel.swift */; };
		DF6A662F2A334D8600B1E7B0 /* TableViewCell.swift in Sources */ = {isa = PBXBuildFile; fileRef = DF6A662E2A334D8600B1E7B0 /* TableViewCell.swift */; };
		DF6A66312A334F4100B1E7B0 /* TableViewCellViewModel.swift in Sources */ = {isa = PBXBuildFile; fileRef = DF6A66302A334F4100B1E7B0 /* TableViewCellViewModel.swift */; };
		DF8FD35E2A4491F600F1C371 /* SnapshotExtension.swift in Sources */ = {isa = PBXBuildFile; fileRef = DF8FD35D2A4491F500F1C371 /* SnapshotExtension.swift */; };
		DF99D3442A432F8C00152662 /* GoogleService-Info.plist in Resources */ = {isa = PBXBuildFile; fileRef = DF99D3432A432F8C00152662 /* GoogleService-Info.plist */; };
		DF99D34C2A43380A00152662 /* FirebaseDatabase in Frameworks */ = {isa = PBXBuildFile; productRef = DF99D34B2A43380A00152662 /* FirebaseDatabase */; };
		DF99D34E2A43380A00152662 /* FirebaseFirestore in Frameworks */ = {isa = PBXBuildFile; productRef = DF99D34D2A43380A00152662 /* FirebaseFirestore */; };
		DF99D3502A43380A00152662 /* FirebaseFirestoreCombine-Community in Frameworks */ = {isa = PBXBuildFile; productRef = DF99D34F2A43380A00152662 /* FirebaseFirestoreCombine-Community */; };
		DF99D3522A43380A00152662 /* FirebaseFirestoreSwift in Frameworks */ = {isa = PBXBuildFile; productRef = DF99D3512A43380A00152662 /* FirebaseFirestoreSwift */; };
		DF99D3542A43380A00152662 /* FirebaseStorage in Frameworks */ = {isa = PBXBuildFile; productRef = DF99D3532A43380A00152662 /* FirebaseStorage */; };
/* End PBXBuildFile section */

/* Begin PBXContainerItemProxy section */
		DF6A66072A333F7800B1E7B0 /* PBXContainerItemProxy */ = {
			isa = PBXContainerItemProxy;
			containerPortal = DF6A65E82A333F7700B1E7B0 /* Project object */;
			proxyType = 1;
			remoteGlobalIDString = DF6A65EF2A333F7700B1E7B0;
			remoteInfo = ToDoMvvm;
		};
		DF6A66112A333F7800B1E7B0 /* PBXContainerItemProxy */ = {
			isa = PBXContainerItemProxy;
			containerPortal = DF6A65E82A333F7700B1E7B0 /* Project object */;
			proxyType = 1;
			remoteGlobalIDString = DF6A65EF2A333F7700B1E7B0;
			remoteInfo = ToDoMvvm;
		};
/* End PBXContainerItemProxy section */

/* Begin PBXFileReference section */
		DF0AD9E52A3C3D620068F427 /* SetNewElementViewModel.swift */ = {isa = PBXFileReference; lastKnownFileType = sourcecode.swift; path = SetNewElementViewModel.swift; sourceTree = "<group>"; };
		DF0AD9E72A3C42D50068F427 /* Observer.swift */ = {isa = PBXFileReference; lastKnownFileType = sourcecode.swift; path = Observer.swift; sourceTree = "<group>"; };
		DF1A2E022A3A178C009D82C0 /* DetailedElementView.swift */ = {isa = PBXFileReference; lastKnownFileType = sourcecode.swift; path = DetailedElementView.swift; sourceTree = "<group>"; };
		DF262D132A3F81EC00206023 /* FindVC.swift */ = {isa = PBXFileReference; lastKnownFileType = sourcecode.swift; path = FindVC.swift; sourceTree = "<group>"; };
		DF2B7EA62A3759C6004D73D7 /* SetNewElementViewController.swift */ = {isa = PBXFileReference; lastKnownFileType = sourcecode.swift; path = SetNewElementViewController.swift; sourceTree = "<group>"; };
		DF2B7EA82A375A99004D73D7 /* DetailedElementViewController.swift */ = {isa = PBXFileReference; lastKnownFileType = sourcecode.swift; path = DetailedElementViewController.swift; sourceTree = "<group>"; };
		DF2B7EAA2A375C7F004D73D7 /* DetailedElementViewModel.swift */ = {isa = PBXFileReference; lastKnownFileType = sourcecode.swift; path = DetailedElementViewModel.swift; sourceTree = "<group>"; };
		DF4037632A3BC37A00208B82 /* SetNewElementView.swift */ = {isa = PBXFileReference; lastKnownFileType = sourcecode.swift; path = SetNewElementView.swift; sourceTree = "<group>"; };
		DF4037662A3BC94E00208B82 /* UIStackViewExtension.swift */ = {isa = PBXFileReference; lastKnownFileType = sourcecode.swift; path = UIStackViewExtension.swift; sourceTree = "<group>"; };
		DF6A65F02A333F7700B1E7B0 /* ToDoMvvm.app */ = {isa = PBXFileReference; explicitFileType = wrapper.application; includeInIndex = 0; path = ToDoMvvm.app; sourceTree = BUILT_PRODUCTS_DIR; };
		DF6A65F32A333F7700B1E7B0 /* AppDelegate.swift */ = {isa = PBXFileReference; lastKnownFileType = sourcecode.swift; path = AppDelegate.swift; sourceTree = "<group>"; };
		DF6A65F52A333F7700B1E7B0 /* SceneDelegate.swift */ = {isa = PBXFileReference; lastKnownFileType = sourcecode.swift; path = SceneDelegate.swift; sourceTree = "<group>"; };
		DF6A65F72A333F7700B1E7B0 /* MainViewController.swift */ = {isa = PBXFileReference; lastKnownFileType = sourcecode.swift; path = MainViewController.swift; sourceTree = "<group>"; };
		DF6A65FC2A333F7800B1E7B0 /* Assets.xcassets */ = {isa = PBXFileReference; lastKnownFileType = folder.assetcatalog; path = Assets.xcassets; sourceTree = "<group>"; };
		DF6A65FF2A333F7800B1E7B0 /* Base */ = {isa = PBXFileReference; lastKnownFileType = file.storyboard; name = Base; path = Base.lproj/LaunchScreen.storyboard; sourceTree = "<group>"; };
		DF6A66012A333F7800B1E7B0 /* Info.plist */ = {isa = PBXFileReference; lastKnownFileType = text.plist.xml; path = Info.plist; sourceTree = "<group>"; };
		DF6A66062A333F7800B1E7B0 /* ToDoMvvmTests.xctest */ = {isa = PBXFileReference; explicitFileType = wrapper.cfbundle; includeInIndex = 0; path = ToDoMvvmTests.xctest; sourceTree = BUILT_PRODUCTS_DIR; };
		DF6A660A2A333F7800B1E7B0 /* ToDoMvvmTests.swift */ = {isa = PBXFileReference; lastKnownFileType = sourcecode.swift; path = ToDoMvvmTests.swift; sourceTree = "<group>"; };
		DF6A66102A333F7800B1E7B0 /* ToDoMvvmUITests.xctest */ = {isa = PBXFileReference; explicitFileType = wrapper.cfbundle; includeInIndex = 0; path = ToDoMvvmUITests.xctest; sourceTree = BUILT_PRODUCTS_DIR; };
		DF6A66142A333F7800B1E7B0 /* ToDoMvvmUITests.swift */ = {isa = PBXFileReference; lastKnownFileType = sourcecode.swift; path = ToDoMvvmUITests.swift; sourceTree = "<group>"; };
		DF6A66162A333F7800B1E7B0 /* ToDoMvvmUITestsLaunchTests.swift */ = {isa = PBXFileReference; lastKnownFileType = sourcecode.swift; path = ToDoMvvmUITestsLaunchTests.swift; sourceTree = "<group>"; };
		DF6A66292A33416000B1E7B0 /* DataBaseService.swift */ = {isa = PBXFileReference; lastKnownFileType = sourcecode.swift; path = DataBaseService.swift; sourceTree = "<group>"; };
		DF6A662C2A33420700B1E7B0 /* ToDoElementModel.swift */ = {isa = PBXFileReference; lastKnownFileType = sourcecode.swift; path = ToDoElementModel.swift; sourceTree = "<group>"; };
		DF6A662E2A334D8600B1E7B0 /* TableViewCell.swift */ = {isa = PBXFileReference; lastKnownFileType = sourcecode.swift; path = TableViewCell.swift; sourceTree = "<group>"; };
		DF6A66302A334F4100B1E7B0 /* TableViewCellViewModel.swift */ = {isa = PBXFileReference; lastKnownFileType = sourcecode.swift; path = TableViewCellViewModel.swift; sourceTree = "<group>"; };
		DF8FD35D2A4491F500F1C371 /* SnapshotExtension.swift */ = {isa = PBXFileReference; lastKnownFileType = sourcecode.swift; path = SnapshotExtension.swift; sourceTree = "<group>"; };
		DF99D3432A432F8C00152662 /* GoogleService-Info.plist */ = {isa = PBXFileReference; fileEncoding = 4; lastKnownFileType = text.plist.xml; path = "GoogleService-Info.plist"; sourceTree = "<group>"; };
/* End PBXFileReference section */

/* Begin PBXFrameworksBuildPhase section */
		DF6A65ED2A333F7700B1E7B0 /* Frameworks */ = {
			isa = PBXFrameworksBuildPhase;
			buildActionMask = 2147483647;
			files = (
				DF99D3502A43380A00152662 /* FirebaseFirestoreCombine-Community in Frameworks */,
				DF99D34C2A43380A00152662 /* FirebaseDatabase in Frameworks */,
				DF99D34E2A43380A00152662 /* FirebaseFirestore in Frameworks */,
				DF99D3542A43380A00152662 /* FirebaseStorage in Frameworks */,
				DF99D3522A43380A00152662 /* FirebaseFirestoreSwift in Frameworks */,
			);
			runOnlyForDeploymentPostprocessing = 0;
		};
		DF6A66032A333F7800B1E7B0 /* Frameworks */ = {
			isa = PBXFrameworksBuildPhase;
			buildActionMask = 2147483647;
			files = (
			);
			runOnlyForDeploymentPostprocessing = 0;
		};
		DF6A660D2A333F7800B1E7B0 /* Frameworks */ = {
			isa = PBXFrameworksBuildPhase;
			buildActionMask = 2147483647;
			files = (
			);
			runOnlyForDeploymentPostprocessing = 0;
		};
/* End PBXFrameworksBuildPhase section */

/* Begin PBXGroup section */
		DF4037652A3BC93700208B82 /* Extension */ = {
			isa = PBXGroup;
			children = (
				DF4037662A3BC94E00208B82 /* UIStackViewExtension.swift */,
				DF262D132A3F81EC00206023 /* FindVC.swift */,
				DF8FD35D2A4491F500F1C371 /* SnapshotExtension.swift */,
			);
			path = Extension;
			sourceTree = "<group>";
		};
		DF6A65E72A333F7700B1E7B0 = {
			isa = PBXGroup;
			children = (
				DF6A65F22A333F7700B1E7B0 /* ToDoMvvm */,
				DF6A66092A333F7800B1E7B0 /* ToDoMvvmTests */,
				DF6A66132A333F7800B1E7B0 /* ToDoMvvmUITests */,
				DF6A65F12A333F7700B1E7B0 /* Products */,
			);
			sourceTree = "<group>";
		};
		DF6A65F12A333F7700B1E7B0 /* Products */ = {
			isa = PBXGroup;
			children = (
				DF6A65F02A333F7700B1E7B0 /* ToDoMvvm.app */,
				DF6A66062A333F7800B1E7B0 /* ToDoMvvmTests.xctest */,
				DF6A66102A333F7800B1E7B0 /* ToDoMvvmUITests.xctest */,
			);
			name = Products;
			sourceTree = "<group>";
		};
		DF6A65F22A333F7700B1E7B0 /* ToDoMvvm */ = {
			isa = PBXGroup;
			children = (
				DF4037652A3BC93700208B82 /* Extension */,
				DF6A66272A33401800B1E7B0 /* Delegates */,
				DF6A66262A33401100B1E7B0 /* Controllers */,
				DF6A66242A333FF400B1E7B0 /* Views */,
				DF6A66252A333FFB00B1E7B0 /* ViewModels */,
				DF6A66232A333FEE00B1E7B0 /* Models */,
				DF6A66282A33414600B1E7B0 /* Services */,
				DF6A65FC2A333F7800B1E7B0 /* Assets.xcassets */,
				DF6A65FE2A333F7800B1E7B0 /* LaunchScreen.storyboard */,
				DF6A66012A333F7800B1E7B0 /* Info.plist */,
				DF99D3432A432F8C00152662 /* GoogleService-Info.plist */,
			);
			path = ToDoMvvm;
			sourceTree = "<group>";
		};
		DF6A66092A333F7800B1E7B0 /* ToDoMvvmTests */ = {
			isa = PBXGroup;
			children = (
				DF6A660A2A333F7800B1E7B0 /* ToDoMvvmTests.swift */,
			);
			path = ToDoMvvmTests;
			sourceTree = "<group>";
		};
		DF6A66132A333F7800B1E7B0 /* ToDoMvvmUITests */ = {
			isa = PBXGroup;
			children = (
				DF6A66142A333F7800B1E7B0 /* ToDoMvvmUITests.swift */,
				DF6A66162A333F7800B1E7B0 /* ToDoMvvmUITestsLaunchTests.swift */,
			);
			path = ToDoMvvmUITests;
			sourceTree = "<group>";
		};
		DF6A66232A333FEE00B1E7B0 /* Models */ = {
			isa = PBXGroup;
			children = (
				DF6A662C2A33420700B1E7B0 /* ToDoElementModel.swift */,
			);
			path = Models;
			sourceTree = "<group>";
		};
		DF6A66242A333FF400B1E7B0 /* Views */ = {
			isa = PBXGroup;
			children = (
				DF6A662E2A334D8600B1E7B0 /* TableViewCell.swift */,
				DF1A2E022A3A178C009D82C0 /* DetailedElementView.swift */,
				DF4037632A3BC37A00208B82 /* SetNewElementView.swift */,
			);
			path = Views;
			sourceTree = "<group>";
		};
		DF6A66252A333FFB00B1E7B0 /* ViewModels */ = {
			isa = PBXGroup;
			children = (
				DF6A66302A334F4100B1E7B0 /* TableViewCellViewModel.swift */,
				DF2B7EAA2A375C7F004D73D7 /* DetailedElementViewModel.swift */,
				DF0AD9E52A3C3D620068F427 /* SetNewElementViewModel.swift */,
			);
			path = ViewModels;
			sourceTree = "<group>";
		};
		DF6A66262A33401100B1E7B0 /* Controllers */ = {
			isa = PBXGroup;
			children = (
				DF6A65F72A333F7700B1E7B0 /* MainViewController.swift */,
				DF2B7EA82A375A99004D73D7 /* DetailedElementViewController.swift */,
				DF2B7EA62A3759C6004D73D7 /* SetNewElementViewController.swift */,
			);
			path = Controllers;
			sourceTree = "<group>";
		};
		DF6A66272A33401800B1E7B0 /* Delegates */ = {
			isa = PBXGroup;
			children = (
				DF6A65F32A333F7700B1E7B0 /* AppDelegate.swift */,
				DF6A65F52A333F7700B1E7B0 /* SceneDelegate.swift */,
			);
			path = Delegates;
			sourceTree = "<group>";
		};
		DF6A66282A33414600B1E7B0 /* Services */ = {
			isa = PBXGroup;
			children = (
				DF6A66292A33416000B1E7B0 /* DataBaseService.swift */,
				DF0AD9E72A3C42D50068F427 /* Observer.swift */,
			);
			path = Services;
			sourceTree = "<group>";
		};
/* End PBXGroup section */

/* Begin PBXNativeTarget section */
		DF6A65EF2A333F7700B1E7B0 /* ToDoMvvm */ = {
			isa = PBXNativeTarget;
			buildConfigurationList = DF6A661A2A333F7800B1E7B0 /* Build configuration list for PBXNativeTarget "ToDoMvvm" */;
			buildPhases = (
				DF6A65EC2A333F7700B1E7B0 /* Sources */,
				DF6A65ED2A333F7700B1E7B0 /* Frameworks */,
				DF6A65EE2A333F7700B1E7B0 /* Resources */,
			);
			buildRules = (
			);
			dependencies = (
			);
			name = ToDoMvvm;
			packageProductDependencies = (
				DF99D34B2A43380A00152662 /* FirebaseDatabase */,
				DF99D34D2A43380A00152662 /* FirebaseFirestore */,
				DF99D34F2A43380A00152662 /* FirebaseFirestoreCombine-Community */,
				DF99D3512A43380A00152662 /* FirebaseFirestoreSwift */,
				DF99D3532A43380A00152662 /* FirebaseStorage */,
			);
			productName = ToDoMvvm;
			productReference = DF6A65F02A333F7700B1E7B0 /* ToDoMvvm.app */;
			productType = "com.apple.product-type.application";
		};
		DF6A66052A333F7800B1E7B0 /* ToDoMvvmTests */ = {
			isa = PBXNativeTarget;
			buildConfigurationList = DF6A661D2A333F7800B1E7B0 /* Build configuration list for PBXNativeTarget "ToDoMvvmTests" */;
			buildPhases = (
				DF6A66022A333F7800B1E7B0 /* Sources */,
				DF6A66032A333F7800B1E7B0 /* Frameworks */,
				DF6A66042A333F7800B1E7B0 /* Resources */,
			);
			buildRules = (
			);
			dependencies = (
				DF6A66082A333F7800B1E7B0 /* PBXTargetDependency */,
			);
			name = ToDoMvvmTests;
			productName = ToDoMvvmTests;
			productReference = DF6A66062A333F7800B1E7B0 /* ToDoMvvmTests.xctest */;
			productType = "com.apple.product-type.bundle.unit-test";
		};
		DF6A660F2A333F7800B1E7B0 /* ToDoMvvmUITests */ = {
			isa = PBXNativeTarget;
			buildConfigurationList = DF6A66202A333F7800B1E7B0 /* Build configuration list for PBXNativeTarget "ToDoMvvmUITests" */;
			buildPhases = (
				DF6A660C2A333F7800B1E7B0 /* Sources */,
				DF6A660D2A333F7800B1E7B0 /* Frameworks */,
				DF6A660E2A333F7800B1E7B0 /* Resources */,
			);
			buildRules = (
			);
			dependencies = (
				DF6A66122A333F7800B1E7B0 /* PBXTargetDependency */,
			);
			name = ToDoMvvmUITests;
			productName = ToDoMvvmUITests;
			productReference = DF6A66102A333F7800B1E7B0 /* ToDoMvvmUITests.xctest */;
			productType = "com.apple.product-type.bundle.ui-testing";
		};
/* End PBXNativeTarget section */

/* Begin PBXProject section */
		DF6A65E82A333F7700B1E7B0 /* Project object */ = {
			isa = PBXProject;
			attributes = {
				BuildIndependentTargetsInParallel = 1;
				LastSwiftUpdateCheck = 1400;
				LastUpgradeCheck = 1400;
				TargetAttributes = {
					DF6A65EF2A333F7700B1E7B0 = {
						CreatedOnToolsVersion = 14.0.1;
					};
					DF6A66052A333F7800B1E7B0 = {
						CreatedOnToolsVersion = 14.0.1;
						TestTargetID = DF6A65EF2A333F7700B1E7B0;
					};
					DF6A660F2A333F7800B1E7B0 = {
						CreatedOnToolsVersion = 14.0.1;
						TestTargetID = DF6A65EF2A333F7700B1E7B0;
					};
				};
			};
			buildConfigurationList = DF6A65EB2A333F7700B1E7B0 /* Build configuration list for PBXProject "ToDoMvvm" */;
			compatibilityVersion = "Xcode 14.0";
			developmentRegion = en;
			hasScannedForEncodings = 0;
			knownRegions = (
				en,
				Base,
			);
			mainGroup = DF6A65E72A333F7700B1E7B0;
			packageReferences = (
				DF99D34A2A43380A00152662 /* XCRemoteSwiftPackageReference "firebase-ios-sdk" */,
			);
			productRefGroup = DF6A65F12A333F7700B1E7B0 /* Products */;
			projectDirPath = "";
			projectRoot = "";
			targets = (
				DF6A65EF2A333F7700B1E7B0 /* ToDoMvvm */,
				DF6A66052A333F7800B1E7B0 /* ToDoMvvmTests */,
				DF6A660F2A333F7800B1E7B0 /* ToDoMvvmUITests */,
			);
		};
/* End PBXProject section */

/* Begin PBXResourcesBuildPhase section */
		DF6A65EE2A333F7700B1E7B0 /* Resources */ = {
			isa = PBXResourcesBuildPhase;
			buildActionMask = 2147483647;
			files = (
				DF6A66002A333F7800B1E7B0 /* LaunchScreen.storyboard in Resources */,
				DF6A65FD2A333F7800B1E7B0 /* Assets.xcassets in Resources */,
				DF99D3442A432F8C00152662 /* GoogleService-Info.plist in Resources */,
			);
			runOnlyForDeploymentPostprocessing = 0;
		};
		DF6A66042A333F7800B1E7B0 /* Resources */ = {
			isa = PBXResourcesBuildPhase;
			buildActionMask = 2147483647;
			files = (
			);
			runOnlyForDeploymentPostprocessing = 0;
		};
		DF6A660E2A333F7800B1E7B0 /* Resources */ = {
			isa = PBXResourcesBuildPhase;
			buildActionMask = 2147483647;
			files = (
			);
			runOnlyForDeploymentPostprocessing = 0;
		};
/* End PBXResourcesBuildPhase section */

/* Begin PBXSourcesBuildPhase section */
		DF6A65EC2A333F7700B1E7B0 /* Sources */ = {
			isa = PBXSourcesBuildPhase;
			buildActionMask = 2147483647;
			files = (
				DF6A66312A334F4100B1E7B0 /* TableViewCellViewModel.swift in Sources */,
				DF262D142A3F81EC00206023 /* FindVC.swift in Sources */,
				DF4037642A3BC37A00208B82 /* SetNewElementView.swift in Sources */,
				DF2B7EA72A3759C6004D73D7 /* SetNewElementViewController.swift in Sources */,
				DF6A65F82A333F7700B1E7B0 /* MainViewController.swift in Sources */,
				DF8FD35E2A4491F600F1C371 /* SnapshotExtension.swift in Sources */,
				DF6A662A2A33416000B1E7B0 /* DataBaseService.swift in Sources */,
				DF2B7EA92A375A99004D73D7 /* DetailedElementViewController.swift in Sources */,
				DF2B7EAB2A375C7F004D73D7 /* DetailedElementViewModel.swift in Sources */,
				DF6A65F42A333F7700B1E7B0 /* AppDelegate.swift in Sources */,
				DF4037672A3BC94E00208B82 /* UIStackViewExtension.swift in Sources */,
				DF0AD9E62A3C3D620068F427 /* SetNewElementViewModel.swift in Sources */,
				DF0AD9E82A3C42D50068F427 /* Observer.swift in Sources */,
				DF6A662F2A334D8600B1E7B0 /* TableViewCell.swift in Sources */,
				DF1A2E032A3A178C009D82C0 /* DetailedElementView.swift in Sources */,
				DF6A662D2A33420700B1E7B0 /* ToDoElementModel.swift in Sources */,
				DF6A65F62A333F7700B1E7B0 /* SceneDelegate.swift in Sources */,
			);
			runOnlyForDeploymentPostprocessing = 0;
		};
		DF6A66022A333F7800B1E7B0 /* Sources */ = {
			isa = PBXSourcesBuildPhase;
			buildActionMask = 2147483647;
			files = (
				DF6A660B2A333F7800B1E7B0 /* ToDoMvvmTests.swift in Sources */,
			);
			runOnlyForDeploymentPostprocessing = 0;
		};
		DF6A660C2A333F7800B1E7B0 /* Sources */ = {
			isa = PBXSourcesBuildPhase;
			buildActionMask = 2147483647;
			files = (
				DF6A66172A333F7800B1E7B0 /* ToDoMvvmUITestsLaunchTests.swift in Sources */,
				DF6A66152A333F7800B1E7B0 /* ToDoMvvmUITests.swift in Sources */,
			);
			runOnlyForDeploymentPostprocessing = 0;
		};
/* End PBXSourcesBuildPhase section */

/* Begin PBXTargetDependency section */
		DF6A66082A333F7800B1E7B0 /* PBXTargetDependency */ = {
			isa = PBXTargetDependency;
			target = DF6A65EF2A333F7700B1E7B0 /* ToDoMvvm */;
			targetProxy = DF6A66072A333F7800B1E7B0 /* PBXContainerItemProxy */;
		};
		DF6A66122A333F7800B1E7B0 /* PBXTargetDependency */ = {
			isa = PBXTargetDependency;
			target = DF6A65EF2A333F7700B1E7B0 /* ToDoMvvm */;
			targetProxy = DF6A66112A333F7800B1E7B0 /* PBXContainerItemProxy */;
		};
/* End PBXTargetDependency section */

/* Begin PBXVariantGroup section */
		DF6A65FE2A333F7800B1E7B0 /* LaunchScreen.storyboard */ = {
			isa = PBXVariantGroup;
			children = (
				DF6A65FF2A333F7800B1E7B0 /* Base */,
			);
			name = LaunchScreen.storyboard;
			sourceTree = "<group>";
		};
/* End PBXVariantGroup section */

/* Begin XCBuildConfiguration section */
		DF6A66182A333F7800B1E7B0 /* Debug */ = {
			isa = XCBuildConfiguration;
			buildSettings = {
				ALWAYS_SEARCH_USER_PATHS = NO;
				CLANG_ANALYZER_NONNULL = YES;
				CLANG_ANALYZER_NUMBER_OBJECT_CONVERSION = YES_AGGRESSIVE;
				CLANG_CXX_LANGUAGE_STANDARD = "gnu++20";
				CLANG_ENABLE_MODULES = YES;
				CLANG_ENABLE_OBJC_ARC = YES;
				CLANG_ENABLE_OBJC_WEAK = YES;
				CLANG_WARN_BLOCK_CAPTURE_AUTORELEASING = YES;
				CLANG_WARN_BOOL_CONVERSION = YES;
				CLANG_WARN_COMMA = YES;
				CLANG_WARN_CONSTANT_CONVERSION = YES;
				CLANG_WARN_DEPRECATED_OBJC_IMPLEMENTATIONS = YES;
				CLANG_WARN_DIRECT_OBJC_ISA_USAGE = YES_ERROR;
				CLANG_WARN_DOCUMENTATION_COMMENTS = YES;
				CLANG_WARN_EMPTY_BODY = YES;
				CLANG_WARN_ENUM_CONVERSION = YES;
				CLANG_WARN_INFINITE_RECURSION = YES;
				CLANG_WARN_INT_CONVERSION = YES;
				CLANG_WARN_NON_LITERAL_NULL_CONVERSION = YES;
				CLANG_WARN_OBJC_IMPLICIT_RETAIN_SELF = YES;
				CLANG_WARN_OBJC_LITERAL_CONVERSION = YES;
				CLANG_WARN_OBJC_ROOT_CLASS = YES_ERROR;
				CLANG_WARN_QUOTED_INCLUDE_IN_FRAMEWORK_HEADER = YES;
				CLANG_WARN_RANGE_LOOP_ANALYSIS = YES;
				CLANG_WARN_STRICT_PROTOTYPES = YES;
				CLANG_WARN_SUSPICIOUS_MOVE = YES;
				CLANG_WARN_UNGUARDED_AVAILABILITY = YES_AGGRESSIVE;
				CLANG_WARN_UNREACHABLE_CODE = YES;
				CLANG_WARN__DUPLICATE_METHOD_MATCH = YES;
				COPY_PHASE_STRIP = NO;
				DEBUG_INFORMATION_FORMAT = dwarf;
				ENABLE_STRICT_OBJC_MSGSEND = YES;
				ENABLE_TESTABILITY = YES;
				GCC_C_LANGUAGE_STANDARD = gnu11;
				GCC_DYNAMIC_NO_PIC = NO;
				GCC_NO_COMMON_BLOCKS = YES;
				GCC_OPTIMIZATION_LEVEL = 0;
				GCC_PREPROCESSOR_DEFINITIONS = (
					"DEBUG=1",
					"$(inherited)",
				);
				GCC_WARN_64_TO_32_BIT_CONVERSION = YES;
				GCC_WARN_ABOUT_RETURN_TYPE = YES_ERROR;
				GCC_WARN_UNDECLARED_SELECTOR = YES;
				GCC_WARN_UNINITIALIZED_AUTOS = YES_AGGRESSIVE;
				GCC_WARN_UNUSED_FUNCTION = YES;
				GCC_WARN_UNUSED_VARIABLE = YES;
				IPHONEOS_DEPLOYMENT_TARGET = 16.0;
				MTL_ENABLE_DEBUG_INFO = INCLUDE_SOURCE;
				MTL_FAST_MATH = YES;
				ONLY_ACTIVE_ARCH = YES;
				SDKROOT = iphoneos;
				SWIFT_ACTIVE_COMPILATION_CONDITIONS = DEBUG;
				SWIFT_OPTIMIZATION_LEVEL = "-Onone";
			};
			name = Debug;
		};
		DF6A66192A333F7800B1E7B0 /* Release */ = {
			isa = XCBuildConfiguration;
			buildSettings = {
				ALWAYS_SEARCH_USER_PATHS = NO;
				CLANG_ANALYZER_NONNULL = YES;
				CLANG_ANALYZER_NUMBER_OBJECT_CONVERSION = YES_AGGRESSIVE;
				CLANG_CXX_LANGUAGE_STANDARD = "gnu++20";
				CLANG_ENABLE_MODULES = YES;
				CLANG_ENABLE_OBJC_ARC = YES;
				CLANG_ENABLE_OBJC_WEAK = YES;
				CLANG_WARN_BLOCK_CAPTURE_AUTORELEASING = YES;
				CLANG_WARN_BOOL_CONVERSION = YES;
				CLANG_WARN_COMMA = YES;
				CLANG_WARN_CONSTANT_CONVERSION = YES;
				CLANG_WARN_DEPRECATED_OBJC_IMPLEMENTATIONS = YES;
				CLANG_WARN_DIRECT_OBJC_ISA_USAGE = YES_ERROR;
				CLANG_WARN_DOCUMENTATION_COMMENTS = YES;
				CLANG_WARN_EMPTY_BODY = YES;
				CLANG_WARN_ENUM_CONVERSION = YES;
				CLANG_WARN_INFINITE_RECURSION = YES;
				CLANG_WARN_INT_CONVERSION = YES;
				CLANG_WARN_NON_LITERAL_NULL_CONVERSION = YES;
				CLANG_WARN_OBJC_IMPLICIT_RETAIN_SELF = YES;
				CLANG_WARN_OBJC_LITERAL_CONVERSION = YES;
				CLANG_WARN_OBJC_ROOT_CLASS = YES_ERROR;
				CLANG_WARN_QUOTED_INCLUDE_IN_FRAMEWORK_HEADER = YES;
				CLANG_WARN_RANGE_LOOP_ANALYSIS = YES;
				CLANG_WARN_STRICT_PROTOTYPES = YES;
				CLANG_WARN_SUSPICIOUS_MOVE = YES;
				CLANG_WARN_UNGUARDED_AVAILABILITY = YES_AGGRESSIVE;
				CLANG_WARN_UNREACHABLE_CODE = YES;
				CLANG_WARN__DUPLICATE_METHOD_MATCH = YES;
				COPY_PHASE_STRIP = NO;
				DEBUG_INFORMATION_FORMAT = "dwarf-with-dsym";
				ENABLE_NS_ASSERTIONS = NO;
				ENABLE_STRICT_OBJC_MSGSEND = YES;
				GCC_C_LANGUAGE_STANDARD = gnu11;
				GCC_NO_COMMON_BLOCKS = YES;
				GCC_WARN_64_TO_32_BIT_CONVERSION = YES;
				GCC_WARN_ABOUT_RETURN_TYPE = YES_ERROR;
				GCC_WARN_UNDECLARED_SELECTOR = YES;
				GCC_WARN_UNINITIALIZED_AUTOS = YES_AGGRESSIVE;
				GCC_WARN_UNUSED_FUNCTION = YES;
				GCC_WARN_UNUSED_VARIABLE = YES;
				IPHONEOS_DEPLOYMENT_TARGET = 16.0;
				MTL_ENABLE_DEBUG_INFO = NO;
				MTL_FAST_MATH = YES;
				SDKROOT = iphoneos;
				SWIFT_COMPILATION_MODE = wholemodule;
				SWIFT_OPTIMIZATION_LEVEL = "-O";
				VALIDATE_PRODUCT = YES;
			};
			name = Release;
		};
		DF6A661B2A333F7800B1E7B0 /* Debug */ = {
			isa = XCBuildConfiguration;
			buildSettings = {
				ASSETCATALOG_COMPILER_APPICON_NAME = AppIcon;
				ASSETCATALOG_COMPILER_GLOBAL_ACCENT_COLOR_NAME = AccentColor;
				CODE_SIGN_STYLE = Automatic;
				CURRENT_PROJECT_VERSION = 1;
				DEVELOPMENT_TEAM = N8SB6Q39BN;
				GENERATE_INFOPLIST_FILE = YES;
				INFOPLIST_FILE = ToDoMvvm/Info.plist;
				INFOPLIST_KEY_UIApplicationSupportsIndirectInputEvents = YES;
				INFOPLIST_KEY_UILaunchStoryboardName = LaunchScreen;
				INFOPLIST_KEY_UISupportedInterfaceOrientations_iPad = "UIInterfaceOrientationPortrait UIInterfaceOrientationPortraitUpsideDown UIInterfaceOrientationLandscapeLeft UIInterfaceOrientationLandscapeRight";
				INFOPLIST_KEY_UISupportedInterfaceOrientations_iPhone = "UIInterfaceOrientationPortrait UIInterfaceOrientationLandscapeLeft UIInterfaceOrientationLandscapeRight";
				LD_RUNPATH_SEARCH_PATHS = (
					"$(inherited)",
					"@executable_path/Frameworks",
				);
				MARKETING_VERSION = 1.0;
				PRODUCT_BUNDLE_IDENTIFIER = com.example.ToDoMvvm;
				PRODUCT_NAME = "$(TARGET_NAME)";
				SWIFT_EMIT_LOC_STRINGS = YES;
				SWIFT_VERSION = 5.0;
				TARGETED_DEVICE_FAMILY = "1,2";
			};
			name = Debug;
		};
		DF6A661C2A333F7800B1E7B0 /* Release */ = {
			isa = XCBuildConfiguration;
			buildSettings = {
				ASSETCATALOG_COMPILER_APPICON_NAME = AppIcon;
				ASSETCATALOG_COMPILER_GLOBAL_ACCENT_COLOR_NAME = AccentColor;
				CODE_SIGN_STYLE = Automatic;
				CURRENT_PROJECT_VERSION = 1;
				DEVELOPMENT_TEAM = N8SB6Q39BN;
				GENERATE_INFOPLIST_FILE = YES;
				INFOPLIST_FILE = ToDoMvvm/Info.plist;
				INFOPLIST_KEY_UIApplicationSupportsIndirectInputEvents = YES;
				INFOPLIST_KEY_UILaunchStoryboardName = LaunchScreen;
				INFOPLIST_KEY_UISupportedInterfaceOrientations_iPad = "UIInterfaceOrientationPortrait UIInterfaceOrientationPortraitUpsideDown UIInterfaceOrientationLandscapeLeft UIInterfaceOrientationLandscapeRight";
				INFOPLIST_KEY_UISupportedInterfaceOrientations_iPhone = "UIInterfaceOrientationPortrait UIInterfaceOrientationLandscapeLeft UIInterfaceOrientationLandscapeRight";
				LD_RUNPATH_SEARCH_PATHS = (
					"$(inherited)",
					"@executable_path/Frameworks",
				);
				MARKETING_VERSION = 1.0;
				PRODUCT_BUNDLE_IDENTIFIER = com.example.ToDoMvvm;
				PRODUCT_NAME = "$(TARGET_NAME)";
				SWIFT_EMIT_LOC_STRINGS = YES;
				SWIFT_VERSION = 5.0;
				TARGETED_DEVICE_FAMILY = "1,2";
			};
			name = Release;
		};
		DF6A661E2A333F7800B1E7B0 /* Debug */ = {
			isa = XCBuildConfiguration;
			buildSettings = {
				ALWAYS_EMBED_SWIFT_STANDARD_LIBRARIES = YES;
				BUNDLE_LOADER = "$(TEST_HOST)";
				CODE_SIGN_STYLE = Automatic;
				CURRENT_PROJECT_VERSION = 1;
				DEVELOPMENT_TEAM = N8SB6Q39BN;
				GENERATE_INFOPLIST_FILE = YES;
				IPHONEOS_DEPLOYMENT_TARGET = 16.0;
				MARKETING_VERSION = 1.0;
				PRODUCT_BUNDLE_IDENTIFIER = com.example.ToDoMvvmTests;
				PRODUCT_NAME = "$(TARGET_NAME)";
				SWIFT_EMIT_LOC_STRINGS = NO;
				SWIFT_VERSION = 5.0;
				TARGETED_DEVICE_FAMILY = "1,2";
				TEST_HOST = "$(BUILT_PRODUCTS_DIR)/ToDoMvvm.app/$(BUNDLE_EXECUTABLE_FOLDER_PATH)/ToDoMvvm";
			};
			name = Debug;
		};
		DF6A661F2A333F7800B1E7B0 /* Release */ = {
			isa = XCBuildConfiguration;
			buildSettings = {
				ALWAYS_EMBED_SWIFT_STANDARD_LIBRARIES = YES;
				BUNDLE_LOADER = "$(TEST_HOST)";
				CODE_SIGN_STYLE = Automatic;
				CURRENT_PROJECT_VERSION = 1;
				DEVELOPMENT_TEAM = N8SB6Q39BN;
				GENERATE_INFOPLIST_FILE = YES;
				IPHONEOS_DEPLOYMENT_TARGET = 16.0;
				MARKETING_VERSION = 1.0;
				PRODUCT_BUNDLE_IDENTIFIER = com.example.ToDoMvvmTests;
				PRODUCT_NAME = "$(TARGET_NAME)";
				SWIFT_EMIT_LOC_STRINGS = NO;
				SWIFT_VERSION = 5.0;
				TARGETED_DEVICE_FAMILY = "1,2";
				TEST_HOST = "$(BUILT_PRODUCTS_DIR)/ToDoMvvm.app/$(BUNDLE_EXECUTABLE_FOLDER_PATH)/ToDoMvvm";
			};
			name = Release;
		};
		DF6A66212A333F7800B1E7B0 /* Debug */ = {
			isa = XCBuildConfiguration;
			buildSettings = {
				ALWAYS_EMBED_SWIFT_STANDARD_LIBRARIES = YES;
				CODE_SIGN_STYLE = Automatic;
				CURRENT_PROJECT_VERSION = 1;
				DEVELOPMENT_TEAM = N8SB6Q39BN;
				GENERATE_INFOPLIST_FILE = YES;
				MARKETING_VERSION = 1.0;
				PRODUCT_BUNDLE_IDENTIFIER = com.example.ToDoMvvmUITests;
				PRODUCT_NAME = "$(TARGET_NAME)";
				SWIFT_EMIT_LOC_STRINGS = NO;
				SWIFT_VERSION = 5.0;
				TARGETED_DEVICE_FAMILY = "1,2";
				TEST_TARGET_NAME = ToDoMvvm;
			};
			name = Debug;
		};
		DF6A66222A333F7800B1E7B0 /* Release */ = {
			isa = XCBuildConfiguration;
			buildSettings = {
				ALWAYS_EMBED_SWIFT_STANDARD_LIBRARIES = YES;
				CODE_SIGN_STYLE = Automatic;
				CURRENT_PROJECT_VERSION = 1;
				DEVELOPMENT_TEAM = N8SB6Q39BN;
				GENERATE_INFOPLIST_FILE = YES;
				MARKETING_VERSION = 1.0;
				PRODUCT_BUNDLE_IDENTIFIER = com.example.ToDoMvvmUITests;
				PRODUCT_NAME = "$(TARGET_NAME)";
				SWIFT_EMIT_LOC_STRINGS = NO;
				SWIFT_VERSION = 5.0;
				TARGETED_DEVICE_FAMILY = "1,2";
				TEST_TARGET_NAME = ToDoMvvm;
			};
			name = Release;
		};
/* End XCBuildConfiguration section */

/* Begin XCConfigurationList section */
		DF6A65EB2A333F7700B1E7B0 /* Build configuration list for PBXProject "ToDoMvvm" */ = {
			isa = XCConfigurationList;
			buildConfigurations = (
				DF6A66182A333F7800B1E7B0 /* Debug */,
				DF6A66192A333F7800B1E7B0 /* Release */,
			);
			defaultConfigurationIsVisible = 0;
			defaultConfigurationName = Release;
		};
		DF6A661A2A333F7800B1E7B0 /* Build configuration list for PBXNativeTarget "ToDoMvvm" */ = {
			isa = XCConfigurationList;
			buildConfigurations = (
				DF6A661B2A333F7800B1E7B0 /* Debug */,
				DF6A661C2A333F7800B1E7B0 /* Release */,
			);
			defaultConfigurationIsVisible = 0;
			defaultConfigurationName = Release;
		};
		DF6A661D2A333F7800B1E7B0 /* Build configuration list for PBXNativeTarget "ToDoMvvmTests" */ = {
			isa = XCConfigurationList;
			buildConfigurations = (
				DF6A661E2A333F7800B1E7B0 /* Debug */,
				DF6A661F2A333F7800B1E7B0 /* Release */,
			);
			defaultConfigurationIsVisible = 0;
			defaultConfigurationName = Release;
		};
		DF6A66202A333F7800B1E7B0 /* Build configuration list for PBXNativeTarget "ToDoMvvmUITests" */ = {
			isa = XCConfigurationList;
			buildConfigurations = (
				DF6A66212A333F7800B1E7B0 /* Debug */,
				DF6A66222A333F7800B1E7B0 /* Release */,
			);
			defaultConfigurationIsVisible = 0;
			defaultConfigurationName = Release;
		};
/* End XCConfigurationList section */

/* Begin XCRemoteSwiftPackageReference section */
		DF99D34A2A43380A00152662 /* XCRemoteSwiftPackageReference "firebase-ios-sdk" */ = {
			isa = XCRemoteSwiftPackageReference;
			repositoryURL = "https://github.com/firebase/firebase-ios-sdk";
			requirement = {
				branch = master;
				kind = branch;
			};
		};
/* End XCRemoteSwiftPackageReference section */

/* Begin XCSwiftPackageProductDependency section */
		DF99D34B2A43380A00152662 /* FirebaseDatabase */ = {
			isa = XCSwiftPackageProductDependency;
			package = DF99D34A2A43380A00152662 /* XCRemoteSwiftPackageReference "firebase-ios-sdk" */;
			productName = FirebaseDatabase;
		};
		DF99D34D2A43380A00152662 /* FirebaseFirestore */ = {
			isa = XCSwiftPackageProductDependency;
			package = DF99D34A2A43380A00152662 /* XCRemoteSwiftPackageReference "firebase-ios-sdk" */;
			productName = FirebaseFirestore;
		};
		DF99D34F2A43380A00152662 /* FirebaseFirestoreCombine-Community */ = {
			isa = XCSwiftPackageProductDependency;
			package = DF99D34A2A43380A00152662 /* XCRemoteSwiftPackageReference "firebase-ios-sdk" */;
			productName = "FirebaseFirestoreCombine-Community";
		};
		DF99D3512A43380A00152662 /* FirebaseFirestoreSwift */ = {
			isa = XCSwiftPackageProductDependency;
			package = DF99D34A2A43380A00152662 /* XCRemoteSwiftPackageReference "firebase-ios-sdk" */;
			productName = FirebaseFirestoreSwift;
		};
		DF99D3532A43380A00152662 /* FirebaseStorage */ = {
			isa = XCSwiftPackageProductDependency;
			package = DF99D34A2A43380A00152662 /* XCRemoteSwiftPackageReference "firebase-ios-sdk" */;
			productName = FirebaseStorage;
		};
/* End XCSwiftPackageProductDependency section */
	};
	rootObject = DF6A65E82A333F7700B1E7B0 /* Project object */;
}
